
Microsoft Visual Studio Solution File, Format Version 12.00
# Visual Studio Version 16
VisualStudioVersion = 16.0.29728.190
MinimumVisualStudioVersion = 10.0.40219.1
Project("{FAE04EC0-301F-11D3-BF4B-00C04F79EFBC}") = "SqLiteApp", "SqLiteApp\SqLiteApp.csproj", "{67353497-607F-40E9-9ED5-678B1979B62E}"
EndProject
Global
	GlobalSection(SolutionConfigurationPlatforms) = preSolution
		Debug|Any CPU = Debug|Any CPU
		Release|Any CPU = Release|Any CPU
	EndGlobalSection
	GlobalSection(ProjectConfigurationPlatforms) = postSolution
		{67353497-607F-40E9-9ED5-678B1979B62E}.Debug|Any CPU.ActiveCfg = Debug|Any CPU
		{67353497-607F-40E9-9ED5-678B1979B62E}.Debug|Any CPU.Build.0 = Debug|Any CPU
		{67353497-607F-40E9-9ED5-678B1979B62E}.Release|Any CPU.ActiveCfg = Release|Any CPU
		{67353497-607F-40E9-9ED5-678B1979B62E}.Release|Any CPU.Build.0 = Release|Any CPU
	EndGlobalSection
	GlobalSection(SolutionProperties) = preSolution
		HideSolutionNode = FALSE
	EndGlobalSection
	GlobalSection(ExtensibilityGlobals) = postSolution
		SolutionGuid = {4D189268-25BE-4DDE-A2F0-03B218008CAE}
	EndGlobalSection
EndGlobal
